<?xml version="1.0" encoding="utf-8"?>
<Project ToolsVersion="4.0" xmlns="http://schemas.microsoft.com/developer/msbuild/2003">
  <ItemGroup>
    <Filter Include="Source Files">
      <UniqueIdentifier>{4536c529-837e-4b6c-a9fc-047038a667ae}</UniqueIdentifier>
      <Extensions>cpp;c;cxx;rc;def;r;odl;idl;hpj;bat</Extensions>
    </Filter>
    <Filter Include="Header Files">
      <UniqueIdentifier>{b6d994cd-29e1-4ab8-b28f-43135d6dea11}</UniqueIdentifier>
      <Extensions>h;hpp;hxx;hm;inl</Extensions>
    </Filter>
    <Filter Include="Resource Files">
      <UniqueIdentifier>{9a87ef0e-7433-4324-b8c7-b633986f9523}</UniqueIdentifier>
      <Extensions>ico;cur;bmp;dlg;rc2;rct;bin;rgs;gif;jpg;jpeg;jpe</Extensions>
    </Filter>
    <Filter Include="SkinnedExporter">
      <UniqueIdentifier>{3cdfdd7e-cd3b-4983-8168-3827143cb9a8}</UniqueIdentifier>
    </Filter>
  </ItemGroup>
  <ItemGroup>
    <ClCompile Include="DllEntry.cpp">
      <Filter>Source Files</Filter>
    </ClCompile>
    <ClCompile Include="RM3DPlug.cpp">
      <Filter>Source Files</Filter>
    </ClCompile>
    <ClCompile Include="Skeleton.cpp">
      <Filter>SkinnedExporter</Filter>
    </ClCompile>
    <ClCompile Include="RedKidPlugIn.cpp">
      <Filter>Source Files</Filter>
    </ClCompile>
    <ClCompile Include="WndBase.cpp">
      <Filter>Source Files</Filter>
    </ClCompile>
    <ClCompile Include="WndButton.cpp">
      <Filter>Source Files</Filter>
    </ClCompile>
    <ClCompile Include="WndCheckBox.cpp">
      <Filter>Source Files</Filter>
    </ClCompile>
    <ClCompile Include="WndListBox.cpp">
      <Filter>Source Files</Filter>
    </ClCompile>
    <ClCompile Include="WndStaticText.cpp">
      <Filter>Source Files</Filter>
    </ClCompile>
  </ItemGroup>
  <ItemGroup>
    <None Include="RM3DPlug.def">
      <Filter>Source Files</Filter>
    </None>
  </ItemGroup>
  <ItemGroup>
    <ClInclude Include="3dsmaxsdk_preinclude.h">
      <Filter>Header Files</Filter>
    </ClInclude>
    <ClInclude Include="RM3DPlug.h">
      <Filter>Header Files</Filter>
    </ClInclude>
    <ClInclude Include="resource.h">
      <Filter>Header Files</Filter>
    </ClInclude>
    <ClInclude Include="AnimTrack.h">
      <Filter>SkinnedExporter</Filter>
    </ClInclude>
    <ClInclude Include="ExportMesh.h">
      <Filter>SkinnedExporter</Filter>
    </ClInclude>
    <ClInclude Include="MeshVertex.h">
      <Filter>SkinnedExporter</Filter>
    </ClInclude>
    <ClInclude Include="Skeleton.h">
      <Filter>SkinnedExporter</Filter>
    </ClInclude>
    <ClInclude Include="header.h">
      <Filter>Header Files</Filter>
    </ClInclude>
    <ClInclude Include="WndBase.h">
      <Filter>Header Files</Filter>
    </ClInclude>
    <ClInclude Include="WndButton.h">
      <Filter>Header Files</Filter>
    </ClInclude>
    <ClInclude Include="WndCheckBox.h">
      <Filter>Header Files</Filter>
    </ClInclude>
    <ClInclude Include="WndListBox.h">
      <Filter>Header Files</Filter>
    </ClInclude>
    <ClInclude Include="WndStaticText.h">
      <Filter>Header Files</Filter>
    </ClInclude>
  </ItemGroup>
  <ItemGroup>
    <ResourceCompile Include="RM3DPlug.rc">
      <Filter>Resource Files</Filter>
    </ResourceCompile>
  </ItemGroup>
</Project>