<?xml version="1.0" encoding="utf-8"?>
<Project ToolsVersion="4.0" xmlns="http://schemas.microsoft.com/developer/msbuild/2003">
  <ItemGroup>
    <Filter Include="Файлы ресурсов">
      <UniqueIdentifier>{67DA6AB6-F800-4c08-8B7A-83BB121AAD01}</UniqueIdentifier>
      <Extensions>rc;ico;cur;bmp;dlg;rc2;rct;bin;rgs;gif;jpg;jpeg;jpe;resx;tiff;tif;png;wav;mfcribbon-ms</Extensions>
    </Filter>
    <Filter Include="Shader">
      <UniqueIdentifier>{33e4f492-f179-4953-969a-30f37c0ca875}</UniqueIdentifier>
    </Filter>
    <Filter Include="Shader\Scelet animation">
      <UniqueIdentifier>{d12cdd19-407b-4d8e-8052-502d509e75a5}</UniqueIdentifier>
    </Filter>
    <Filter Include="Shader\Material">
      <UniqueIdentifier>{a44a30e9-0fd9-421e-8f53-7b4a98b2aa0b}</UniqueIdentifier>
    </Filter>
    <Filter Include="Shader\PostProcessing">
      <UniqueIdentifier>{a0e162ae-80a4-4e6e-8f57-44306792bec8}</UniqueIdentifier>
    </Filter>
    <Filter Include="Shader\CS">
      <UniqueIdentifier>{282b9ec0-e8de-4abe-83a4-15f00216d362}</UniqueIdentifier>
    </Filter>
    <Filter Include="Shader\RenderLight">
      <UniqueIdentifier>{a795f945-8926-461a-919b-c23a379167ca}</UniqueIdentifier>
    </Filter>
    <Filter Include="Заголовочные файлы">
      <UniqueIdentifier>{199247a2-a9fe-4a4f-8a98-3f044bab98b0}</UniqueIdentifier>
    </Filter>
    <Filter Include="Файлы исходного кода">
      <UniqueIdentifier>{ca50f73e-4da7-4339-83f3-666db125dd4a}</UniqueIdentifier>
    </Filter>
  </ItemGroup>
  <ItemGroup>
    <None Include="ReadMe.txt" />
    <None Include="..\..\RedKid3D Game\RedKid resource\Shaders\HLSL Header.hlsl">
      <Filter>Shader</Filter>
    </None>
    <None Include="..\..\RedKid3D Game\RedKid resource\Shaders\HLSL Interface.hlsl">
      <Filter>Shader</Filter>
    </None>
    <None Include="..\..\RedKid3D Game\RedKid resource\Shaders\HLSL Line.hlsl">
      <Filter>Shader</Filter>
    </None>
    <None Include="..\..\RedKid3D Game\RedKid resource\Shaders\HLSL Quad.hlsl">
      <Filter>Shader</Filter>
    </None>
    <None Include="..\..\RedKid3D Game\RedKid resource\Shaders\HLSL Shaders.hlsl">
      <Filter>Shader</Filter>
    </None>
    <None Include="..\..\RedKid3D Game\RedKid resource\Shaders\CS Calc AABB.hlsl">
      <Filter>Shader\CS</Filter>
    </None>
    <None Include="..\..\RedKid3D Game\RedKid resource\Shaders\CS BloomGaus.hlsl">
      <Filter>Shader\CS</Filter>
    </None>
    <None Include="..\..\RedKid3D Game\RedKid resource\Shaders\CS Calc AdaptedLum.hlsl">
      <Filter>Shader\CS</Filter>
    </None>
    <None Include="..\..\RedKid3D Game\RedKid resource\Shaders\CS Calc SummLum.hlsl">
      <Filter>Shader\CS</Filter>
    </None>
    <None Include="..\..\RedKid3D Game\RedKid resource\Shaders\CS header.hlsl">
      <Filter>Shader\CS</Filter>
    </None>
    <None Include="..\..\RedKid3D Game\RedKid resource\Shaders\CSSceletNormalAnim.hlsl">
      <Filter>Shader\Scelet animation</Filter>
    </None>
    <None Include="..\..\RedKid3D Game\RedKid resource\Shaders\CSSceletNormalCopy.hlsl">
      <Filter>Shader\Scelet animation</Filter>
    </None>
    <None Include="..\..\RedKid3D Game\RedKid resource\Shaders\CSSceletTBNAnim.hlsl">
      <Filter>Shader\Scelet animation</Filter>
    </None>
    <None Include="..\..\RedKid3D Game\RedKid resource\Shaders\CSSceletTBNCopy.hlsl">
      <Filter>Shader\Scelet animation</Filter>
    </None>
    <None Include="..\..\RedKid3D Game\RedKid resource\Shaders\MaterialTexture.hlsl">
      <Filter>Shader\Material</Filter>
    </None>
    <None Include="..\..\RedKid3D Game\RedKid resource\Shaders\MaterialTextureBone.hlsl">
      <Filter>Shader\Material</Filter>
    </None>
    <None Include="..\..\RedKid3D Game\RedKid resource\Shaders\HLSL Deffered RenderLight.hlsl">
      <Filter>Shader\RenderLight</Filter>
    </None>
    <None Include="..\..\RedKid3D Game\RedKid resource\Shaders\CS Deffered RenderLight.hlsl">
      <Filter>Shader\RenderLight</Filter>
    </None>
    <None Include="..\..\RedKid3D Game\RedKid resource\Shaders\HLSL SMAA.hlsl">
      <Filter>Shader\PostProcessing</Filter>
    </None>
  </ItemGroup>
  <ItemGroup>
    <ResourceCompile Include="RedKid Engine.rc">
      <Filter>Файлы ресурсов</Filter>
    </ResourceCompile>
  </ItemGroup>
  <ItemGroup>
    <ClInclude Include="Bone.h">
      <Filter>Заголовочные файлы</Filter>
    </ClInclude>
    <ClInclude Include="BufferConstant.h">
      <Filter>Заголовочные файлы</Filter>
    </ClInclude>
    <ClInclude Include="BufferRead.h">
      <Filter>Заголовочные файлы</Filter>
    </ClInclude>
    <ClInclude Include="BufferSRV.h">
      <Filter>Заголовочные файлы</Filter>
    </ClInclude>
    <ClInclude Include="BufferSRV_UAV.h">
      <Filter>Заголовочные файлы</Filter>
    </ClInclude>
    <ClInclude Include="BufferUAV.h">
      <Filter>Заголовочные файлы</Filter>
    </ClInclude>
    <ClInclude Include="Camera.h">
      <Filter>Заголовочные файлы</Filter>
    </ClInclude>
    <ClInclude Include="CArray.h">
      <Filter>Заголовочные файлы</Filter>
    </ClInclude>
    <ClInclude Include="CList.h">
      <Filter>Заголовочные файлы</Filter>
    </ClInclude>
    <ClInclude Include="DXInput.h">
      <Filter>Заголовочные файлы</Filter>
    </ClInclude>
    <ClInclude Include="FrustumBox.h">
      <Filter>Заголовочные файлы</Filter>
    </ClInclude>
    <ClInclude Include="GameInterface.h">
      <Filter>Заголовочные файлы</Filter>
    </ClInclude>
    <ClInclude Include="header.h">
      <Filter>Заголовочные файлы</Filter>
    </ClInclude>
    <ClInclude Include="LogFile.h">
      <Filter>Заголовочные файлы</Filter>
    </ClInclude>
    <ClInclude Include="ManagerResource.h">
      <Filter>Заголовочные файлы</Filter>
    </ClInclude>
    <ClInclude Include="ObjectBase.h">
      <Filter>Заголовочные файлы</Filter>
    </ClInclude>
    <ClInclude Include="ObjectLightDirection.h">
      <Filter>Заголовочные файлы</Filter>
    </ClInclude>
    <ClInclude Include="ObjectLightPoint.h">
      <Filter>Заголовочные файлы</Filter>
    </ClInclude>
    <ClInclude Include="ObjectMesh.h">
      <Filter>Заголовочные файлы</Filter>
    </ClInclude>
    <ClInclude Include="ObjectPivot.h">
      <Filter>Заголовочные файлы</Filter>
    </ClInclude>
    <ClInclude Include="Plane.h">
      <Filter>Заголовочные файлы</Filter>
    </ClInclude>
    <ClInclude Include="PxTkStream.h">
      <Filter>Заголовочные файлы</Filter>
    </ClInclude>
    <ClInclude Include="RedKid.h">
      <Filter>Заголовочные файлы</Filter>
    </ClInclude>
    <ClInclude Include="RenderPool.h">
      <Filter>Заголовочные файлы</Filter>
    </ClInclude>
    <ClInclude Include="ResBase.h">
      <Filter>Заголовочные файлы</Filter>
    </ClInclude>
    <ClInclude Include="ResMat.h">
      <Filter>Заголовочные файлы</Filter>
    </ClInclude>
    <ClInclude Include="ResMesh.h">
      <Filter>Заголовочные файлы</Filter>
    </ClInclude>
    <ClInclude Include="resource.h">
      <Filter>Заголовочные файлы</Filter>
    </ClInclude>
    <ClInclude Include="ResourceAnimationScelet.h">
      <Filter>Заголовочные файлы</Filter>
    </ClInclude>
    <ClInclude Include="ResourceSceletMesh.h">
      <Filter>Заголовочные файлы</Filter>
    </ClInclude>
    <ClInclude Include="ResourceSound.h">
      <Filter>Заголовочные файлы</Filter>
    </ClInclude>
    <ClInclude Include="ResourceTexture.h">
      <Filter>Заголовочные файлы</Filter>
    </ClInclude>
    <ClInclude Include="ResSound.h">
      <Filter>Заголовочные файлы</Filter>
    </ClInclude>
    <ClInclude Include="Scelet.h">
      <Filter>Заголовочные файлы</Filter>
    </ClInclude>
    <ClInclude Include="SearchTex.h">
      <Filter>Заголовочные файлы</Filter>
    </ClInclude>
    <ClInclude Include="SignMesh.h">
      <Filter>Заголовочные файлы</Filter>
    </ClInclude>
    <ClInclude Include="System.h">
      <Filter>Заголовочные файлы</Filter>
    </ClInclude>
    <ClInclude Include="TextureRT_SRV_UAV.h">
      <Filter>Заголовочные файлы</Filter>
    </ClInclude>
    <ClInclude Include="TextureRTAndSRV.h">
      <Filter>Заголовочные файлы</Filter>
    </ClInclude>
    <ClInclude Include="TextureSRV_UAV.h">
      <Filter>Заголовочные файлы</Filter>
    </ClInclude>
    <ClInclude Include="Thread.h">
      <Filter>Заголовочные файлы</Filter>
    </ClInclude>
    <ClInclude Include="AABB.h">
      <Filter>Заголовочные файлы</Filter>
    </ClInclude>
    <ClInclude Include="AnimationFrame.h">
      <Filter>Заголовочные файлы</Filter>
    </ClInclude>
    <ClInclude Include="AreaTex.h">
      <Filter>Заголовочные файлы</Filter>
    </ClInclude>
    <ClInclude Include="ArrayBufferStruct.h">
      <Filter>Заголовочные файлы</Filter>
    </ClInclude>
    <ClInclude Include="ObjectPhysXTriangleStaticMesh.h">
      <Filter>Заголовочные файлы</Filter>
    </ClInclude>
    <ClInclude Include="ResPhysXStaticTriangleMesh.h">
      <Filter>Заголовочные файлы</Filter>
    </ClInclude>
    <ClInclude Include="ResMatTexture.h">
      <Filter>Заголовочные файлы</Filter>
    </ClInclude>
    <ClInclude Include="ResPhysXDinamicConvexMesh.h">
      <Filter>Заголовочные файлы</Filter>
    </ClInclude>
    <ClInclude Include="ResPhysXSceletMesh.h">
      <Filter>Заголовочные файлы</Filter>
    </ClInclude>
    <ClInclude Include="ObjectPhysXSceletMesh.h">
      <Filter>Заголовочные файлы</Filter>
    </ClInclude>
    <ClInclude Include="ObjectPhysXConvexDinamicMesh.h">
      <Filter>Заголовочные файлы</Filter>
    </ClInclude>
    <ClInclude Include="ObjectPhysX.h">
      <Filter>Заголовочные файлы</Filter>
    </ClInclude>
    <ClInclude Include="OBB.h" />
  </ItemGroup>
  <ItemGroup>
    <ClCompile Include="Thread.cpp">
      <Filter>Файлы исходного кода</Filter>
    </ClCompile>
    <ClCompile Include="TextureSRV_UAV.cpp">
      <Filter>Файлы исходного кода</Filter>
    </ClCompile>
    <ClCompile Include="TextureRTAndSRV.cpp">
      <Filter>Файлы исходного кода</Filter>
    </ClCompile>
    <ClCompile Include="TextureRT_SRV_UAV.cpp">
      <Filter>Файлы исходного кода</Filter>
    </ClCompile>
    <ClCompile Include="System.cpp">
      <Filter>Файлы исходного кода</Filter>
    </ClCompile>
    <ClCompile Include="SignMesh.cpp">
      <Filter>Файлы исходного кода</Filter>
    </ClCompile>
    <ClCompile Include="Scelet.cpp">
      <Filter>Файлы исходного кода</Filter>
    </ClCompile>
    <ClCompile Include="ResSound.cpp">
      <Filter>Файлы исходного кода</Filter>
    </ClCompile>
    <ClCompile Include="ResourceTexture.cpp">
      <Filter>Файлы исходного кода</Filter>
    </ClCompile>
    <ClCompile Include="ResourceSound.cpp">
      <Filter>Файлы исходного кода</Filter>
    </ClCompile>
    <ClCompile Include="ResourceSceletMesh.cpp">
      <Filter>Файлы исходного кода</Filter>
    </ClCompile>
    <ClCompile Include="ResourceAnimationScelet.cpp">
      <Filter>Файлы исходного кода</Filter>
    </ClCompile>
    <ClCompile Include="ResMesh.cpp">
      <Filter>Файлы исходного кода</Filter>
    </ClCompile>
    <ClCompile Include="ResMat.cpp">
      <Filter>Файлы исходного кода</Filter>
    </ClCompile>
    <ClCompile Include="ResBase.cpp">
      <Filter>Файлы исходного кода</Filter>
    </ClCompile>
    <ClCompile Include="RenderPool.cpp">
      <Filter>Файлы исходного кода</Filter>
    </ClCompile>
    <ClCompile Include="RedKid.cpp">
      <Filter>Файлы исходного кода</Filter>
    </ClCompile>
    <ClCompile Include="PxTkStream.cpp">
      <Filter>Файлы исходного кода</Filter>
    </ClCompile>
    <ClCompile Include="Plane.cpp">
      <Filter>Файлы исходного кода</Filter>
    </ClCompile>
    <ClCompile Include="ObjectPivot.cpp">
      <Filter>Файлы исходного кода</Filter>
    </ClCompile>
    <ClCompile Include="ObjectMesh.cpp">
      <Filter>Файлы исходного кода</Filter>
    </ClCompile>
    <ClCompile Include="ObjectLightPoint.cpp">
      <Filter>Файлы исходного кода</Filter>
    </ClCompile>
    <ClCompile Include="ObjectLightDirection.cpp">
      <Filter>Файлы исходного кода</Filter>
    </ClCompile>
    <ClCompile Include="ObjectBase.cpp">
      <Filter>Файлы исходного кода</Filter>
    </ClCompile>
    <ClCompile Include="ManagerResource.cpp">
      <Filter>Файлы исходного кода</Filter>
    </ClCompile>
    <ClCompile Include="LofFile.cpp">
      <Filter>Файлы исходного кода</Filter>
    </ClCompile>
    <ClCompile Include="GameInterface.cpp">
      <Filter>Файлы исходного кода</Filter>
    </ClCompile>
    <ClCompile Include="FrustumBox.cpp">
      <Filter>Файлы исходного кода</Filter>
    </ClCompile>
    <ClCompile Include="DXInput.cpp">
      <Filter>Файлы исходного кода</Filter>
    </ClCompile>
    <ClCompile Include="Camera.cpp">
      <Filter>Файлы исходного кода</Filter>
    </ClCompile>
    <ClCompile Include="BufferUAV.cpp">
      <Filter>Файлы исходного кода</Filter>
    </ClCompile>
    <ClCompile Include="BufferSRV_UAV.cpp">
      <Filter>Файлы исходного кода</Filter>
    </ClCompile>
    <ClCompile Include="BufferSRV.cpp">
      <Filter>Файлы исходного кода</Filter>
    </ClCompile>
    <ClCompile Include="BufferRead.cpp">
      <Filter>Файлы исходного кода</Filter>
    </ClCompile>
    <ClCompile Include="BufferConstant.cpp">
      <Filter>Файлы исходного кода</Filter>
    </ClCompile>
    <ClCompile Include="Bone.cpp">
      <Filter>Файлы исходного кода</Filter>
    </ClCompile>
    <ClCompile Include="AnimationFrame.cpp">
      <Filter>Файлы исходного кода</Filter>
    </ClCompile>
    <ClCompile Include="AABB.cpp">
      <Filter>Файлы исходного кода</Filter>
    </ClCompile>
    <ClCompile Include="ObjectPhysXTriangleStaticMesh.cpp">
      <Filter>Файлы исходного кода</Filter>
    </ClCompile>
    <ClCompile Include="ResPhysXStaticTriangleMesh.cpp">
      <Filter>Файлы исходного кода</Filter>
    </ClCompile>
    <ClCompile Include="ResMatTexture.cpp">
      <Filter>Файлы исходного кода</Filter>
    </ClCompile>
    <ClCompile Include="ResPhysXDinamicConvexMesh.cpp">
      <Filter>Файлы исходного кода</Filter>
    </ClCompile>
    <ClCompile Include="ObjectPhysX.cpp">
      <Filter>Файлы исходного кода</Filter>
    </ClCompile>
    <ClCompile Include="ObjectPhysXConvexDinamicMesh.cpp">
      <Filter>Файлы исходного кода</Filter>
    </ClCompile>
    <ClCompile Include="ObjectPhysXSceletMesh.cpp">
      <Filter>Файлы исходного кода</Filter>
    </ClCompile>
    <ClCompile Include="ResPhysXSceletMesh.cpp">
      <Filter>Файлы исходного кода</Filter>
    </ClCompile>
    <ClCompile Include="OBB.cpp" />
  </ItemGroup>
</Project>